<?xml version="1.0" encoding="utf-8"?>
<Project ToolsVersion="4.0" xmlns="http://schemas.microsoft.com/developer/msbuild/2003">
  <ItemGroup>
    <Filter Include="Source Files">
      <UniqueIdentifier>{4FC737F1-C7A5-4376-A066-2A32D752A2FF}</UniqueIdentifier>
      <Extensions>cpp;c;cc;cxx;def;odl;idl;hpj;bat;asm;asmx</Extensions>
    </Filter>
    <Filter Include="Header Files">
      <UniqueIdentifier>{93995380-89BD-4b04-88EB-625FBE52EBFB}</UniqueIdentifier>
      <Extensions>h;hh;hpp;hxx;hm;inl;inc;xsd</Extensions>
    </Filter>
    <Filter Include="Resource Files">
      <UniqueIdentifier>{67DA6AB6-F800-4c08-8B7A-83BB121AAD01}</UniqueIdentifier>
      <Extensions>rc;ico;cur;bmp;dlg;rc2;rct;bin;rgs;gif;jpg;jpeg;jpe;resx;tiff;tif;png;wav;mfcribbon-ms</Extensions>
    </Filter>
    <Filter Include="Header Files\Ext libs">
      <UniqueIdentifier>{5358f470-d668-430e-91da-fbdc6b3754f3}</UniqueIdentifier>
    </Filter>
    <Filter Include="Source Files\Ext libs">
      <UniqueIdentifier>{2b042009-b563-489c-a314-5e22624a20c0}</UniqueIdentifier>
    </Filter>
    <Filter Include="Source Files\Camera">
      <UniqueIdentifier>{1a22c337-0856-42bd-97df-5f7a280aa215}</UniqueIdentifier>
    </Filter>
    <Filter Include="Source Files\Scene">
      <UniqueIdentifier>{b3063060-615d-4b50-b17f-d59b11259091}</UniqueIdentifier>
    </Filter>
    <Filter Include="Source Files\Utils">
      <UniqueIdentifier>{17b42fa0-7060-43ec-aceb-a74c5d62e712}</UniqueIdentifier>
    </Filter>
    <Filter Include="Source Files\Loaders">
      <UniqueIdentifier>{863db0f9-a67e-4cc0-bf7e-1be387f77c9d}</UniqueIdentifier>
    </Filter>
    <Filter Include="Source Files\TerrainSkybox">
      <UniqueIdentifier>{a8453c1d-004e-449e-a223-e5ac7f7f1e06}</UniqueIdentifier>
    </Filter>
    <Filter Include="Source Files\Colliders">
      <UniqueIdentifier>{09e04f4e-2da2-4752-939a-bb136c00f600}</UniqueIdentifier>
    </Filter>
    <Filter Include="Header Files\Camera">
      <UniqueIdentifier>{f2da53d0-0f86-469b-b2c5-ee668c3d7aba}</UniqueIdentifier>
    </Filter>
    <Filter Include="Header Files\Controllers">
      <UniqueIdentifier>{b9b4507c-9396-4f58-b42b-63c9d6107151}</UniqueIdentifier>
    </Filter>
    <Filter Include="Header Files\Utilities">
      <UniqueIdentifier>{34746a00-3fb1-4fe4-9f76-f12c4ebdf11e}</UniqueIdentifier>
    </Filter>
    <Filter Include="Header Files\CollisionDetection">
      <UniqueIdentifier>{ba5c16b9-6043-4502-bc8a-74142bc6cc92}</UniqueIdentifier>
    </Filter>
    <Filter Include="Header Files\Terrain">
      <UniqueIdentifier>{828f5a60-0b12-410e-ae55-77a5fc051b05}</UniqueIdentifier>
    </Filter>
    <Filter Include="Header Files\Scene">
      <UniqueIdentifier>{634835e7-d5ca-4539-b0f5-364f3a155038}</UniqueIdentifier>
    </Filter>
    <Filter Include="Source Files\UI">
      <UniqueIdentifier>{b3774f29-97b0-4c65-a2c3-cfe37fd6203d}</UniqueIdentifier>
    </Filter>
    <Filter Include="Header Files\Primitives">
      <UniqueIdentifier>{cf451de0-c25a-4172-aa9b-db981f05703e}</UniqueIdentifier>
    </Filter>
    <Filter Include="Header Files\UI">
      <UniqueIdentifier>{07fbf67c-d8fb-4a18-bda5-cfafd6f84a94}</UniqueIdentifier>
    </Filter>
    <Filter Include="Header Files\Loaders">
      <UniqueIdentifier>{463229f2-4be1-4077-8c25-a27f2bbffb63}</UniqueIdentifier>
    </Filter>
    <Filter Include="Source Files\BasePrimitives">
      <UniqueIdentifier>{e33b64ab-bfbf-43f0-9bd2-f910178e5826}</UniqueIdentifier>
    </Filter>
  </ItemGroup>
  <ItemGroup>
    <ClInclude Include="resource.h">
      <Filter>Header Files</Filter>
    </ClInclude>
    <ClInclude Include="XEngine.h">
      <Filter>Header Files</Filter>
    </ClInclude>
    <ClInclude Include="ViewScene\targa.h">
      <Filter>Header Files\Ext libs</Filter>
    </ClInclude>
    <ClInclude Include="GetPosition.h">
      <Filter>Header Files\Ext libs</Filter>
    </ClInclude>
    <ClInclude Include="Camera.h">
      <Filter>Header Files\Camera</Filter>
    </ClInclude>
    <ClInclude Include="AudioSource.h">
      <Filter>Header Files\Controllers</Filter>
    </ClInclude>
    <ClInclude Include="CharactorController.h">
      <Filter>Header Files\Controllers</Filter>
    </ClInclude>
    <ClInclude Include="Common.h">
      <Filter>Header Files\Utilities</Filter>
    </ClInclude>
    <ClInclude Include="CustomAllocator.h">
      <Filter>Header Files\Utilities</Filter>
    </ClInclude>
    <ClInclude Include="DrawText.h">
      <Filter>Header Files\Utilities</Filter>
    </ClInclude>
    <ClInclude Include="Terrain.h">
      <Filter>Header Files\Terrain</Filter>
    </ClInclude>
    <ClInclude Include="TerrainLoader.h">
      <Filter>Header Files\Terrain</Filter>
    </ClInclude>
    <ClInclude Include="SetCamera.h">
      <Filter>Header Files\Camera</Filter>
    </ClInclude>
    <ClInclude Include="SceneData.h">
      <Filter>Header Files\Scene</Filter>
    </ClInclude>
    <ClInclude Include="SceneObject.h">
      <Filter>Header Files\Scene</Filter>
    </ClInclude>
    <ClInclude Include="PokemonObject.h">
      <Filter>Header Files</Filter>
    </ClInclude>
    <ClInclude Include="targa.h">
      <Filter>Header Files\Utilities</Filter>
    </ClInclude>
    <ClInclude Include="GlFunctions.h">
      <Filter>Header Files\Ext libs</Filter>
    </ClInclude>
    <ClInclude Include="PlaneCollider.h">
      <Filter>Header Files\Controllers</Filter>
    </ClInclude>
    <ClInclude Include="MouseInput.h">
      <Filter>Header Files\Controllers</Filter>
    </ClInclude>
    <ClInclude Include="BasePrimitive.h">
      <Filter>Header Files\Primitives</Filter>
    </ClInclude>
    <ClInclude Include="Cube.h">
      <Filter>Header Files\Primitives</Filter>
    </ClInclude>
    <ClInclude Include="GameObject.h">
      <Filter>Header Files\Primitives</Filter>
    </ClInclude>
    <ClInclude Include="iButton.h">
      <Filter>Header Files\UI</Filter>
    </ClInclude>
    <ClInclude Include="iList.h">
      <Filter>Header Files\UI</Filter>
    </ClInclude>
    <ClInclude Include="Inspector.h">
      <Filter>Header Files\UI</Filter>
    </ClInclude>
    <ClInclude Include="iSlider.h">
      <Filter>Header Files\UI</Filter>
    </ClInclude>
    <ClInclude Include="iTexture.h">
      <Filter>Header Files\UI</Filter>
    </ClInclude>
    <ClInclude Include="iTextBox.h">
      <Filter>Header Files\UI</Filter>
    </ClInclude>
    <ClInclude Include="ObjectLoader.h">
      <Filter>Header Files\Loaders</Filter>
    </ClInclude>
    <ClInclude Include="Texture.h">
      <Filter>Header Files\Loaders</Filter>
    </ClInclude>
    <ClInclude Include="Node.h">
      <Filter>Header Files\Scene</Filter>
    </ClInclude>
    <ClInclude Include="Transform.h">
      <Filter>Header Files\Scene</Filter>
    </ClInclude>
    <ClInclude Include="Rigidbody.h">
      <Filter>Header Files\Scene</Filter>
    </ClInclude>
    <ClInclude Include="Skybox.h">
      <Filter>Header Files\Scene</Filter>
    </ClInclude>
    <ClInclude Include="Light.h">
      <Filter>Header Files\Scene</Filter>
    </ClInclude>
    <ClInclude Include="Mesh.h">
      <Filter>Header Files\Scene</Filter>
    </ClInclude>
    <ClInclude Include="Plane.h">
      <Filter>Header Files\Primitives</Filter>
    </ClInclude>
    <ClInclude Include="Vector3.h">
      <Filter>Header Files\Primitives</Filter>
    </ClInclude>
    <ClInclude Include="Utilities.h">
      <Filter>Header Files\Primitives</Filter>
    </ClInclude>
    <ClInclude Include="glut.h">
      <Filter>Header Files\Utilities</Filter>
    </ClInclude>
    <ClInclude Include="Sphere.h">
      <Filter>Header Files\Primitives</Filter>
    </ClInclude>
    <ClInclude Include="DrawScene.h">
      <Filter>Header Files\Ext libs</Filter>
    </ClInclude>
    <ClInclude Include="SphereCollider.h">
      <Filter>Header Files\CollisionDetection</Filter>
    </ClInclude>
  </ItemGroup>
  <ItemGroup>
    <ClCompile Include="XEngine.cpp">
      <Filter>Source Files</Filter>
    </ClCompile>
    <ClCompile Include="AudioSource.cpp">
      <Filter>Source Files</Filter>
    </ClCompile>
    <ClCompile Include="Camera.cpp">
      <Filter>Source Files</Filter>
    </ClCompile>
    <ClCompile Include="Utilities.cpp">
      <Filter>Source Files</Filter>
    </ClCompile>
    <ClCompile Include="targa.cxx">
      <Filter>Source Files\Ext libs</Filter>
    </ClCompile>
    <ClCompile Include="DrawText.cxx">
      <Filter>Source Files\Ext libs</Filter>
    </ClCompile>
    <ClCompile Include="GetPosition.cxx">
      <Filter>Source Files\Utils</Filter>
    </ClCompile>
    <ClCompile Include="ObjectLoader.cpp">
      <Filter>Source Files\Loaders</Filter>
    </ClCompile>
    <ClCompile Include="Terrain.cpp">
      <Filter>Source Files\TerrainSkybox</Filter>
    </ClCompile>
    <ClCompile Include="Skybox.cpp">
      <Filter>Source Files\TerrainSkybox</Filter>
    </ClCompile>
    <ClCompile Include="SphereCollider.cpp">
      <Filter>Source Files\Colliders</Filter>
    </ClCompile>
    <ClCompile Include="PlaneCollider.cpp">
      <Filter>Source Files\Colliders</Filter>
    </ClCompile>
    <ClCompile Include="CharactorController.cpp">
      <Filter>Source Files</Filter>
    </ClCompile>
    <ClCompile Include="Common.cxx">
      <Filter>Header Files\Utilities</Filter>
    </ClCompile>
    <ClCompile Include="SetCamera.cxx">
      <Filter>Header Files\Camera</Filter>
    </ClCompile>
    <ClCompile Include="PokemonObject.cpp">
      <Filter>Header Files</Filter>
    </ClCompile>
    <ClCompile Include="Collider.cpp">
      <Filter>Source Files</Filter>
    </ClCompile>
    <ClCompile Include="GlFunctions.cxx">
      <Filter>Header Files\Ext libs</Filter>
    </ClCompile>
    <ClCompile Include="iSlider.cpp">
      <Filter>Source Files\UI</Filter>
    </ClCompile>
    <ClCompile Include="iList.cpp">
      <Filter>Source Files\UI</Filter>
    </ClCompile>
    <ClCompile Include="Node.cpp">
      <Filter>Source Files</Filter>
    </ClCompile>
    <ClCompile Include="Transform.cpp">
      <Filter>Source Files</Filter>
    </ClCompile>
    <ClCompile Include="Mesh.cpp">
      <Filter>Source Files</Filter>
    </ClCompile>
    <ClCompile Include="BasePrimtive.cpp">
      <Filter>Source Files</Filter>
    </ClCompile>
    <ClCompile Include="Cube.cpp">
      <Filter>Source Files\BasePrimitives</Filter>
    </ClCompile>
    <ClCompile Include="iTexture.cpp">
      <Filter>Source Files\UI</Filter>
    </ClCompile>
    <ClCompile Include="iTextBox.cpp">
      <Filter>Source Files\UI</Filter>
    </ClCompile>
    <ClCompile Include="iButton.cpp">
      <Filter>Source Files\UI</Filter>
    </ClCompile>
    <ClCompile Include="SceneData.cpp">
      <Filter>Source Files\Ext libs</Filter>
    </ClCompile>
    <ClCompile Include="SceneObject.cpp">
      <Filter>Source Files\Ext libs</Filter>
    </ClCompile>
    <ClCompile Include="DrawScene.cxx">
      <Filter>Source Files\Ext libs</Filter>
    </ClCompile>
    <ClCompile Include="Plane.cpp">
      <Filter>Source Files\BasePrimitives</Filter>
    </ClCompile>
    <ClCompile Include="Sphere.cpp">
      <Filter>Source Files\BasePrimitives</Filter>
    </ClCompile>
    <ClCompile Include="Inspector.cpp">
      <Filter>Source Files\UI</Filter>
    </ClCompile>
    <ClCompile Include="TerrainLoader.cpp">
      <Filter>Source Files\Loaders</Filter>
    </ClCompile>
    <ClCompile Include="Texture.cpp">
      <Filter>Source Files\Loaders</Filter>
    </ClCompile>
    <ClCompile Include="Light.cpp">
      <Filter>Source Files\Scene</Filter>
    </ClCompile>
    <ClCompile Include="XEngineDemo.cpp">
      <Filter>Source Files</Filter>
    </ClCompile>
  </ItemGroup>
  <ItemGroup>
    <Media Include="..\ReleasePokeball.wav">
      <Filter>Resource Files</Filter>
    </Media>
  </ItemGroup>
  <ItemGroup>
    <ResourceCompile Include="XEngine.rc">
      <Filter>Resource Files</Filter>
    </ResourceCompile>
  </ItemGroup>
  <ItemGroup>
    <Text Include="test.txt">
      <Filter>Header Files\Utilities</Filter>
    </Text>
  </ItemGroup>
</Project>